
Microsoft Visual Studio Solution File, Format Version 12.00
# Visual Studio Version 16
VisualStudioVersion = 16.0.31105.61
MinimumVisualStudioVersion = 10.0.40219.1
Project("{FAE04EC0-301F-11D3-BF4B-00C04F79EFBC}") = "HelloWPF", "HelloWPF\HelloWPF.csproj", "{C1064784-444B-4872-8BB0-565E413DD3F2}"
EndProject
Global
	GlobalSection(SolutionConfigurationPlatforms) = preSolution
		Debug|Any CPU = Debug|Any CPU
		Release|Any CPU = Release|Any CPU
	EndGlobalSection
	GlobalSection(ProjectConfigurationPlatforms) = postSolution
		{C1064784-444B-4872-8BB0-565E413DD3F2}.Debug|Any CPU.ActiveCfg = Debug|Any CPU
		{C1064784-444B-4872-8BB0-565E413DD3F2}.Debug|Any CPU.Build.0 = Debug|Any CPU
		{C1064784-444B-4872-8BB0-565E413DD3F2}.Release|Any CPU.ActiveCfg = Release|Any CPU
		{C1064784-444B-4872-8BB0-565E413DD3F2}.Release|Any CPU.Build.0 = Release|Any CPU
	EndGlobalSection
	GlobalSection(SolutionProperties) = preSolution
		HideSolutionNode = FALSE
	EndGlobalSection
	GlobalSection(ExtensibilityGlobals) = postSolution
		SolutionGuid = {A55311C8-E8EB-45E3-90DC-239158D0CEC9}
	EndGlobalSection
EndGlobal
